
Microsoft Visual Studio Solution File, Format Version 12.00
# Visual Studio Version 17
VisualStudioVersion = 17.8.34408.163
MinimumVisualStudioVersion = 10.0.40219.1
Project("{FAE04EC0-301F-11D3-BF4B-00C04F79EFBC}") = "CRUDAjaxV1", "CRUDAjaxV1\CRUDAjaxV1.csproj", "{649E3E8C-F8C0-4EF3-90EB-2E6B7AA510CF}"
EndProject
Global
	GlobalSection(SolutionConfigurationPlatforms) = preSolution
		Debug|Any CPU = Debug|Any CPU
		Release|Any CPU = Release|Any CPU
	EndGlobalSection
	GlobalSection(ProjectConfigurationPlatforms) = postSolution
		{649E3E8C-F8C0-4EF3-90EB-2E6B7AA510CF}.Debug|Any CPU.ActiveCfg = Debug|Any CPU
		{649E3E8C-F8C0-4EF3-90EB-2E6B7AA510CF}.Debug|Any CPU.Build.0 = Debug|Any CPU
		{649E3E8C-F8C0-4EF3-90EB-2E6B7AA510CF}.Release|Any CPU.ActiveCfg = Release|Any CPU
		{649E3E8C-F8C0-4EF3-90EB-2E6B7AA510CF}.Release|Any CPU.Build.0 = Release|Any CPU
	EndGlobalSection
	GlobalSection(SolutionProperties) = preSolution
		HideSolutionNode = FALSE
	EndGlobalSection
	GlobalSection(ExtensibilityGlobals) = postSolution
		SolutionGuid = {C35E41D4-9BEC-4D6C-9771-C6FE2A4DE384}
	EndGlobalSection
EndGlobal
